<Solution>
  <Project Path="TicketFlow.Application/TicketFlow.Application.csproj" />
  <Project Path="TicketFlow.Contracts/TicketFlow.Contracts.csproj" />
  <Project Path="TicketFlow.Domain/TicketFlow.Domain.csproj" />
  <Project Path="TicketFlow.Infrastructure/TicketFlow.Infrastructure.csproj" />
  <Project Path="TicketFlow.Presentation/TicketFlow.Presentation.csproj" />
  <Project Path="TicketFlow.Tests/TicketFlow.Tests.csproj" />
</Solution>
